
Microsoft Visual Studio Solution File, Format Version 12.00
# Visual Studio Version 17
VisualStudioVersion = 17.14.36401.2
MinimumVisualStudioVersion = 10.0.40219.1
Project("{FAE04EC0-301F-11D3-BF4B-00C04F79EFBC}") = "VBV_calc", "VBV_calc\VBV_calc.csproj", "{E4A59C50-7D1E-43EB-9C6D-FC2004686287}"
EndProject
Project("{2150E333-8FDC-42A3-9474-1A3956D46DE8}") = "ソリューション項目", "ソリューション項目", "{2022CB0F-8BAF-F49E-0C48-8EF4C96EC109}"
EndProject
Project("{FAE04EC0-301F-11D3-BF4B-00C04F79EFBC}") = "VBV_formation", "VBV_formation\VBV_formation.csproj", "{DBEC925D-D998-4A7C-B171-BD2845A09964}"
EndProject
Project("{8BC9CEB8-8B4A-11D0-8D11-00A0C91BC942}") = "CaptureWrapper", "CaptureWrapper\CaptureWrapper.vcxproj", "{7D64B3B2-7628-4CD9-A443-D2BC87CBD4FC}"
EndProject
Project("{FAE04EC0-301F-11D3-BF4B-00C04F79EFBC}") = "VBV_Screen2Wiki", "VBV_Screen2Wiki\VBV_Screen2Wiki.csproj", "{64EAB025-3958-45A7-A3D1-473ADBAACCCF}"
EndProject
Project("{FAE04EC0-301F-11D3-BF4B-00C04F79EFBC}") = "ImageSeracherTest", "ImageSeracherTest\ImageSeracherTest.csproj", "{E3A4DFC3-D807-44F8-BEC9-511453C021A9}"
EndProject
Global
	GlobalSection(SolutionConfigurationPlatforms) = preSolution
		Debug|Any CPU = Debug|Any CPU
		Debug|ARM = Debug|ARM
		Debug|ARM64 = Debug|ARM64
		Debug|x64 = Debug|x64
		Debug|x86 = Debug|x86
		Release|Any CPU = Release|Any CPU
		Release|ARM = Release|ARM
		Release|ARM64 = Release|ARM64
		Release|x64 = Release|x64
		Release|x86 = Release|x86
	EndGlobalSection
	GlobalSection(ProjectConfigurationPlatforms) = postSolution
		{E4A59C50-7D1E-43EB-9C6D-FC2004686287}.Debug|Any CPU.ActiveCfg = Debug|Any CPU
		{E4A59C50-7D1E-43EB-9C6D-FC2004686287}.Debug|Any CPU.Build.0 = Debug|Any CPU
		{E4A59C50-7D1E-43EB-9C6D-FC2004686287}.Debug|ARM.ActiveCfg = Debug|Any CPU
		{E4A59C50-7D1E-43EB-9C6D-FC2004686287}.Debug|ARM.Build.0 = Debug|Any CPU
		{E4A59C50-7D1E-43EB-9C6D-FC2004686287}.Debug|ARM64.ActiveCfg = Debug|Any CPU
		{E4A59C50-7D1E-43EB-9C6D-FC2004686287}.Debug|ARM64.Build.0 = Debug|Any CPU
		{E4A59C50-7D1E-43EB-9C6D-FC2004686287}.Debug|x64.ActiveCfg = Debug|Any CPU
		{E4A59C50-7D1E-43EB-9C6D-FC2004686287}.Debug|x64.Build.0 = Debug|Any CPU
		{E4A59C50-7D1E-43EB-9C6D-FC2004686287}.Debug|x86.ActiveCfg = Debug|Any CPU
		{E4A59C50-7D1E-43EB-9C6D-FC2004686287}.Debug|x86.Build.0 = Debug|Any CPU
		{E4A59C50-7D1E-43EB-9C6D-FC2004686287}.Release|Any CPU.ActiveCfg = Release|Any CPU
		{E4A59C50-7D1E-43EB-9C6D-FC2004686287}.Release|Any CPU.Build.0 = Release|Any CPU
		{E4A59C50-7D1E-43EB-9C6D-FC2004686287}.Release|ARM.ActiveCfg = Release|Any CPU
		{E4A59C50-7D1E-43EB-9C6D-FC2004686287}.Release|ARM.Build.0 = Release|Any CPU
		{E4A59C50-7D1E-43EB-9C6D-FC2004686287}.Release|ARM64.ActiveCfg = Release|Any CPU
		{E4A59C50-7D1E-43EB-9C6D-FC2004686287}.Release|ARM64.Build.0 = Release|Any CPU
		{E4A59C50-7D1E-43EB-9C6D-FC2004686287}.Release|x64.ActiveCfg = Release|Any CPU
		{E4A59C50-7D1E-43EB-9C6D-FC2004686287}.Release|x64.Build.0 = Release|Any CPU
		{E4A59C50-7D1E-43EB-9C6D-FC2004686287}.Release|x86.ActiveCfg = Release|Any CPU
		{E4A59C50-7D1E-43EB-9C6D-FC2004686287}.Release|x86.Build.0 = Release|Any CPU
		{DBEC925D-D998-4A7C-B171-BD2845A09964}.Debug|Any CPU.ActiveCfg = Debug|Any CPU
		{DBEC925D-D998-4A7C-B171-BD2845A09964}.Debug|Any CPU.Build.0 = Debug|Any CPU
		{DBEC925D-D998-4A7C-B171-BD2845A09964}.Debug|ARM.ActiveCfg = Debug|Any CPU
		{DBEC925D-D998-4A7C-B171-BD2845A09964}.Debug|ARM.Build.0 = Debug|Any CPU
		{DBEC925D-D998-4A7C-B171-BD2845A09964}.Debug|ARM64.ActiveCfg = Debug|Any CPU
		{DBEC925D-D998-4A7C-B171-BD2845A09964}.Debug|ARM64.Build.0 = Debug|Any CPU
		{DBEC925D-D998-4A7C-B171-BD2845A09964}.Debug|x64.ActiveCfg = Debug|Any CPU
		{DBEC925D-D998-4A7C-B171-BD2845A09964}.Debug|x64.Build.0 = Debug|Any CPU
		{DBEC925D-D998-4A7C-B171-BD2845A09964}.Debug|x86.ActiveCfg = Debug|Any CPU
		{DBEC925D-D998-4A7C-B171-BD2845A09964}.Debug|x86.Build.0 = Debug|Any CPU
		{DBEC925D-D998-4A7C-B171-BD2845A09964}.Release|Any CPU.ActiveCfg = Release|Any CPU
		{DBEC925D-D998-4A7C-B171-BD2845A09964}.Release|Any CPU.Build.0 = Release|Any CPU
		{DBEC925D-D998-4A7C-B171-BD2845A09964}.Release|ARM.ActiveCfg = Release|Any CPU
		{DBEC925D-D998-4A7C-B171-BD2845A09964}.Release|ARM.Build.0 = Release|Any CPU
		{DBEC925D-D998-4A7C-B171-BD2845A09964}.Release|ARM64.ActiveCfg = Release|Any CPU
		{DBEC925D-D998-4A7C-B171-BD2845A09964}.Release|ARM64.Build.0 = Release|Any CPU
		{DBEC925D-D998-4A7C-B171-BD2845A09964}.Release|x64.ActiveCfg = Release|Any CPU
		{DBEC925D-D998-4A7C-B171-BD2845A09964}.Release|x64.Build.0 = Release|Any CPU
		{DBEC925D-D998-4A7C-B171-BD2845A09964}.Release|x86.ActiveCfg = Release|Any CPU
		{DBEC925D-D998-4A7C-B171-BD2845A09964}.Release|x86.Build.0 = Release|Any CPU
		{7D64B3B2-7628-4CD9-A443-D2BC87CBD4FC}.Debug|Any CPU.ActiveCfg = Debug|x64
		{7D64B3B2-7628-4CD9-A443-D2BC87CBD4FC}.Debug|Any CPU.Build.0 = Debug|x64
		{7D64B3B2-7628-4CD9-A443-D2BC87CBD4FC}.Debug|ARM.ActiveCfg = Debug|x64
		{7D64B3B2-7628-4CD9-A443-D2BC87CBD4FC}.Debug|ARM.Build.0 = Debug|x64
		{7D64B3B2-7628-4CD9-A443-D2BC87CBD4FC}.Debug|ARM64.ActiveCfg = Debug|x64
		{7D64B3B2-7628-4CD9-A443-D2BC87CBD4FC}.Debug|ARM64.Build.0 = Debug|x64
		{7D64B3B2-7628-4CD9-A443-D2BC87CBD4FC}.Debug|x64.ActiveCfg = Debug|x64
		{7D64B3B2-7628-4CD9-A443-D2BC87CBD4FC}.Debug|x64.Build.0 = Debug|x64
		{7D64B3B2-7628-4CD9-A443-D2BC87CBD4FC}.Debug|x86.ActiveCfg = Debug|Win32
		{7D64B3B2-7628-4CD9-A443-D2BC87CBD4FC}.Debug|x86.Build.0 = Debug|Win32
		{7D64B3B2-7628-4CD9-A443-D2BC87CBD4FC}.Release|Any CPU.ActiveCfg = Release|x64
		{7D64B3B2-7628-4CD9-A443-D2BC87CBD4FC}.Release|Any CPU.Build.0 = Release|x64
		{7D64B3B2-7628-4CD9-A443-D2BC87CBD4FC}.Release|ARM.ActiveCfg = Release|x64
		{7D64B3B2-7628-4CD9-A443-D2BC87CBD4FC}.Release|ARM.Build.0 = Release|x64
		{7D64B3B2-7628-4CD9-A443-D2BC87CBD4FC}.Release|ARM64.ActiveCfg = Release|x64
		{7D64B3B2-7628-4CD9-A443-D2BC87CBD4FC}.Release|ARM64.Build.0 = Release|x64
		{7D64B3B2-7628-4CD9-A443-D2BC87CBD4FC}.Release|x64.ActiveCfg = Release|x64
		{7D64B3B2-7628-4CD9-A443-D2BC87CBD4FC}.Release|x64.Build.0 = Release|x64
		{7D64B3B2-7628-4CD9-A443-D2BC87CBD4FC}.Release|x86.ActiveCfg = Release|Win32
		{7D64B3B2-7628-4CD9-A443-D2BC87CBD4FC}.Release|x86.Build.0 = Release|Win32
		{64EAB025-3958-45A7-A3D1-473ADBAACCCF}.Debug|Any CPU.ActiveCfg = Debug|Any CPU
		{64EAB025-3958-45A7-A3D1-473ADBAACCCF}.Debug|Any CPU.Build.0 = Debug|Any CPU
		{64EAB025-3958-45A7-A3D1-473ADBAACCCF}.Debug|ARM.ActiveCfg = Debug|Any CPU
		{64EAB025-3958-45A7-A3D1-473ADBAACCCF}.Debug|ARM.Build.0 = Debug|Any CPU
		{64EAB025-3958-45A7-A3D1-473ADBAACCCF}.Debug|ARM64.ActiveCfg = Debug|Any CPU
		{64EAB025-3958-45A7-A3D1-473ADBAACCCF}.Debug|ARM64.Build.0 = Debug|Any CPU
		{64EAB025-3958-45A7-A3D1-473ADBAACCCF}.Debug|x64.ActiveCfg = Debug|Any CPU
		{64EAB025-3958-45A7-A3D1-473ADBAACCCF}.Debug|x64.Build.0 = Debug|Any CPU
		{64EAB025-3958-45A7-A3D1-473ADBAACCCF}.Debug|x86.ActiveCfg = Debug|Any CPU
		{64EAB025-3958-45A7-A3D1-473ADBAACCCF}.Debug|x86.Build.0 = Debug|Any CPU
		{64EAB025-3958-45A7-A3D1-473ADBAACCCF}.Release|Any CPU.ActiveCfg = Release|Any CPU
		{64EAB025-3958-45A7-A3D1-473ADBAACCCF}.Release|Any CPU.Build.0 = Release|Any CPU
		{64EAB025-3958-45A7-A3D1-473ADBAACCCF}.Release|ARM.ActiveCfg = Release|Any CPU
		{64EAB025-3958-45A7-A3D1-473ADBAACCCF}.Release|ARM.Build.0 = Release|Any CPU
		{64EAB025-3958-45A7-A3D1-473ADBAACCCF}.Release|ARM64.ActiveCfg = Release|Any CPU
		{64EAB025-3958-45A7-A3D1-473ADBAACCCF}.Release|ARM64.Build.0 = Release|Any CPU
		{64EAB025-3958-45A7-A3D1-473ADBAACCCF}.Release|x64.ActiveCfg = Release|Any CPU
		{64EAB025-3958-45A7-A3D1-473ADBAACCCF}.Release|x64.Build.0 = Release|Any CPU
		{64EAB025-3958-45A7-A3D1-473ADBAACCCF}.Release|x86.ActiveCfg = Release|Any CPU
		{64EAB025-3958-45A7-A3D1-473ADBAACCCF}.Release|x86.Build.0 = Release|Any CPU
		{E3A4DFC3-D807-44F8-BEC9-511453C021A9}.Debug|Any CPU.ActiveCfg = Debug|Any CPU
		{E3A4DFC3-D807-44F8-BEC9-511453C021A9}.Debug|Any CPU.Build.0 = Debug|Any CPU
		{E3A4DFC3-D807-44F8-BEC9-511453C021A9}.Debug|ARM.ActiveCfg = Debug|Any CPU
		{E3A4DFC3-D807-44F8-BEC9-511453C021A9}.Debug|ARM.Build.0 = Debug|Any CPU
		{E3A4DFC3-D807-44F8-BEC9-511453C021A9}.Debug|ARM64.ActiveCfg = Debug|Any CPU
		{E3A4DFC3-D807-44F8-BEC9-511453C021A9}.Debug|ARM64.Build.0 = Debug|Any CPU
		{E3A4DFC3-D807-44F8-BEC9-511453C021A9}.Debug|x64.ActiveCfg = Debug|Any CPU
		{E3A4DFC3-D807-44F8-BEC9-511453C021A9}.Debug|x64.Build.0 = Debug|Any CPU
		{E3A4DFC3-D807-44F8-BEC9-511453C021A9}.Debug|x86.ActiveCfg = Debug|Any CPU
		{E3A4DFC3-D807-44F8-BEC9-511453C021A9}.Debug|x86.Build.0 = Debug|Any CPU
		{E3A4DFC3-D807-44F8-BEC9-511453C021A9}.Release|Any CPU.ActiveCfg = Release|Any CPU
		{E3A4DFC3-D807-44F8-BEC9-511453C021A9}.Release|Any CPU.Build.0 = Release|Any CPU
		{E3A4DFC3-D807-44F8-BEC9-511453C021A9}.Release|ARM.ActiveCfg = Release|Any CPU
		{E3A4DFC3-D807-44F8-BEC9-511453C021A9}.Release|ARM.Build.0 = Release|Any CPU
		{E3A4DFC3-D807-44F8-BEC9-511453C021A9}.Release|ARM64.ActiveCfg = Release|Any CPU
		{E3A4DFC3-D807-44F8-BEC9-511453C021A9}.Release|ARM64.Build.0 = Release|Any CPU
		{E3A4DFC3-D807-44F8-BEC9-511453C021A9}.Release|x64.ActiveCfg = Release|Any CPU
		{E3A4DFC3-D807-44F8-BEC9-511453C021A9}.Release|x64.Build.0 = Release|Any CPU
		{E3A4DFC3-D807-44F8-BEC9-511453C021A9}.Release|x86.ActiveCfg = Release|Any CPU
		{E3A4DFC3-D807-44F8-BEC9-511453C021A9}.Release|x86.Build.0 = Release|Any CPU
	EndGlobalSection
	GlobalSection(SolutionProperties) = preSolution
		HideSolutionNode = FALSE
	EndGlobalSection
	GlobalSection(ExtensibilityGlobals) = postSolution
		SolutionGuid = {28499F7E-46B0-45BB-8983-D03E240C32EE}
	EndGlobalSection
EndGlobal
